
Microsoft Visual Studio Solution File, Format Version 12.00
# Visual Studio Version 17
VisualStudioVersion = 17.13.35931.197
MinimumVisualStudioVersion = 10.0.40219.1
Project("{2150E333-8FDC-42A3-9474-1A3956D46DE8}") = "src", "src", "{02EA681E-C7D8-13C7-8484-4AC65E1B71E8}"
EndProject
Project("{2150E333-8FDC-42A3-9474-1A3956D46DE8}") = "tests", "tests", "{385572B5-780F-4055-87A1-1ABF8E9C5A2B}"
EndProject
Project("{FAE04EC0-301F-11D3-BF4B-00C04F79EFBC}") = "BankMore.CurrentAccount.API", "BankMore.CurrentAccount.API\BankMore.CurrentAccount.API.csproj", "{BAF24207-2C74-4155-9EAF-E62AB0E18251}"
EndProject
Global
	GlobalSection(SolutionConfigurationPlatforms) = preSolution
		Debug|Any CPU = Debug|Any CPU
		Release|Any CPU = Release|Any CPU
	EndGlobalSection
	GlobalSection(ProjectConfigurationPlatforms) = postSolution
		{BAF24207-2C74-4155-9EAF-E62AB0E18251}.Debug|Any CPU.ActiveCfg = Debug|Any CPU
		{BAF24207-2C74-4155-9EAF-E62AB0E18251}.Debug|Any CPU.Build.0 = Debug|Any CPU
		{BAF24207-2C74-4155-9EAF-E62AB0E18251}.Release|Any CPU.ActiveCfg = Release|Any CPU
		{BAF24207-2C74-4155-9EAF-E62AB0E18251}.Release|Any CPU.Build.0 = Release|Any CPU
	EndGlobalSection
	GlobalSection(SolutionProperties) = preSolution
		HideSolutionNode = FALSE
	EndGlobalSection
	GlobalSection(NestedProjects) = preSolution
		{BAF24207-2C74-4155-9EAF-E62AB0E18251} = {02EA681E-C7D8-13C7-8484-4AC65E1B71E8}
	EndGlobalSection
	GlobalSection(ExtensibilityGlobals) = postSolution
		SolutionGuid = {C9D361A8-E8D2-4DB5-AB36-DBFC8C8CFBC6}
	EndGlobalSection
EndGlobal
